// !$*UTF8*$!
{
	archiveVersion = 1;
	classes = {
	};
	objectVersion = 56;
	objects = {

/* Begin PBXBuildFile section */
		5630D9BD29D4296800A41071 /* AppDelegate.swift in Sources */ = {isa = PBXBuildFile; fileRef = 5630D9BC29D4296800A41071 /* AppDelegate.swift */; };
		5630D9BF29D4296800A41071 /* SceneDelegate.swift in Sources */ = {isa = PBXBuildFile; fileRef = 5630D9BE29D4296800A41071 /* SceneDelegate.swift */; };
		5630D9C129D4296800A41071 /* TabBarController.swift in Sources */ = {isa = PBXBuildFile; fileRef = 5630D9C029D4296800A41071 /* TabBarController.swift */; };
		5630D9C629D4296900A41071 /* Assets.xcassets in Resources */ = {isa = PBXBuildFile; fileRef = 5630D9C529D4296900A41071 /* Assets.xcassets */; };
		5630D9C929D4296900A41071 /* LaunchScreen.storyboard in Resources */ = {isa = PBXBuildFile; fileRef = 5630D9C729D4296900A41071 /* LaunchScreen.storyboard */; };
		5630D9D229D4298400A41071 /* Alamofire in Frameworks */ = {isa = PBXBuildFile; productRef = 5630D9D129D4298400A41071 /* Alamofire */; };
		5630D9D529D4299400A41071 /* SnapKit in Frameworks */ = {isa = PBXBuildFile; productRef = 5630D9D429D4299400A41071 /* SnapKit */; };
		5630D9D829D42CF600A41071 /* TranlateViewController.swift in Sources */ = {isa = PBXBuildFile; fileRef = 5630D9D729D42CF600A41071 /* TranlateViewController.swift */; };
		5630D9DA29D5896100A41071 /* SourceTextViewController.swift in Sources */ = {isa = PBXBuildFile; fileRef = 5630D9D929D5896100A41071 /* SourceTextViewController.swift */; };
		5630D9DC29D5BC5D00A41071 /* Language.swift in Sources */ = {isa = PBXBuildFile; fileRef = 5630D9DB29D5BC5D00A41071 /* Language.swift */; };
		5630D9DE29D60B5A00A41071 /* BookMark.swift in Sources */ = {isa = PBXBuildFile; fileRef = 5630D9DD29D60B5A00A41071 /* BookMark.swift */; };
		5630D9E029D60D3600A41071 /* UserDefaults.swift in Sources */ = {isa = PBXBuildFile; fileRef = 5630D9DF29D60D3600A41071 /* UserDefaults.swift */; };
		5630D9E229D60FE700A41071 /* BookmarkListViewController.swift in Sources */ = {isa = PBXBuildFile; fileRef = 5630D9E129D60FE700A41071 /* BookmarkListViewController.swift */; };
		5630D9E429D6131900A41071 /* BookMarkCollectionVIewCell.swift in Sources */ = {isa = PBXBuildFile; fileRef = 5630D9E329D6131900A41071 /* BookMarkCollectionVIewCell.swift */; };
		5630D9E629D615D900A41071 /* BookMarkTextStack.swift in Sources */ = {isa = PBXBuildFile; fileRef = 5630D9E529D615D900A41071 /* BookMarkTextStack.swift */; };
		5630D9E829D6179000A41071 /* Type.swift in Sources */ = {isa = PBXBuildFile; fileRef = 5630D9E729D6179000A41071 /* Type.swift */; };
		5630D9EA29D621A200A41071 /* Request.swift in Sources */ = {isa = PBXBuildFile; fileRef = 5630D9E929D621A200A41071 /* Request.swift */; };
		5630D9EC29D621EE00A41071 /* Response.swift in Sources */ = {isa = PBXBuildFile; fileRef = 5630D9EB29D621EE00A41071 /* Response.swift */; };
		5630D9EE29D622C800A41071 /* TranslatorManager.swift in Sources */ = {isa = PBXBuildFile; fileRef = 5630D9ED29D622C800A41071 /* TranslatorManager.swift */; };
		5630D9F529D628F500A41071 /* Localizable.strings in Resources */ = {isa = PBXBuildFile; fileRef = 5630D9F729D628F500A41071 /* Localizable.strings */; };
/* End PBXBuildFile section */

/* Begin PBXFileReference section */
		5630D9B929D4296800A41071 /* Translate.app */ = {isa = PBXFileReference; explicitFileType = wrapper.application; includeInIndex = 0; path = Translate.app; sourceTree = BUILT_PRODUCTS_DIR; };
		5630D9BC29D4296800A41071 /* AppDelegate.swift */ = {isa = PBXFileReference; lastKnownFileType = sourcecode.swift; path = AppDelegate.swift; sourceTree = "<group>"; };
		5630D9BE29D4296800A41071 /* SceneDelegate.swift */ = {isa = PBXFileReference; lastKnownFileType = sourcecode.swift; path = SceneDelegate.swift; sourceTree = "<group>"; };
		5630D9C029D4296800A41071 /* TabBarController.swift */ = {isa = PBXFileReference; lastKnownFileType = sourcecode.swift; path = TabBarController.swift; sourceTree = "<group>"; };
		5630D9C529D4296900A41071 /* Assets.xcassets */ = {isa = PBXFileReference; lastKnownFileType = folder.assetcatalog; path = Assets.xcassets; sourceTree = "<group>"; };
		5630D9C829D4296900A41071 /* Base */ = {isa = PBXFileReference; lastKnownFileType = file.storyboard; name = Base; path = Base.lproj/LaunchScreen.storyboard; sourceTree = "<group>"; };
		5630D9CA29D4296900A41071 /* Info.plist */ = {isa = PBXFileReference; lastKnownFileType = text.plist.xml; path = Info.plist; sourceTree = "<group>"; };
		5630D9D729D42CF600A41071 /* TranlateViewController.swift */ = {isa = PBXFileReference; lastKnownFileType = sourcecode.swift; path = TranlateViewController.swift; sourceTree = "<group>"; };
		5630D9D929D5896100A41071 /* SourceTextViewController.swift */ = {isa = PBXFileReference; lastKnownFileType = sourcecode.swift; path = SourceTextViewController.swift; sourceTree = "<group>"; };
		5630D9DB29D5BC5D00A41071 /* Language.swift */ = {isa = PBXFileReference; lastKnownFileType = sourcecode.swift; path = Language.swift; sourceTree = "<group>"; };
		5630D9DD29D60B5A00A41071 /* BookMark.swift */ = {isa = PBXFileReference; lastKnownFileType = sourcecode.swift; path = BookMark.swift; sourceTree = "<group>"; };
		5630D9DF29D60D3600A41071 /* UserDefaults.swift */ = {isa = PBXFileReference; lastKnownFileType = sourcecode.swift; path = UserDefaults.swift; sourceTree = "<group>"; };
		5630D9E129D60FE700A41071 /* BookmarkListViewController.swift */ = {isa = PBXFileReference; lastKnownFileType = sourcecode.swift; path = BookmarkListViewController.swift; sourceTree = "<group>"; };
		5630D9E329D6131900A41071 /* BookMarkCollectionVIewCell.swift */ = {isa = PBXFileReference; lastKnownFileType = sourcecode.swift; path = BookMarkCollectionVIewCell.swift; sourceTree = "<group>"; };
		5630D9E529D615D900A41071 /* BookMarkTextStack.swift */ = {isa = PBXFileReference; lastKnownFileType = sourcecode.swift; path = BookMarkTextStack.swift; sourceTree = "<group>"; };
		5630D9E729D6179000A41071 /* Type.swift */ = {isa = PBXFileReference; lastKnownFileType = sourcecode.swift; path = Type.swift; sourceTree = "<group>"; };
		5630D9E929D621A200A41071 /* Request.swift */ = {isa = PBXFileReference; lastKnownFileType = sourcecode.swift; path = Request.swift; sourceTree = "<group>"; };
		5630D9EB29D621EE00A41071 /* Response.swift */ = {isa = PBXFileReference; lastKnownFileType = sourcecode.swift; path = Response.swift; sourceTree = "<group>"; };
		5630D9ED29D622C800A41071 /* TranslatorManager.swift */ = {isa = PBXFileReference; lastKnownFileType = sourcecode.swift; path = TranslatorManager.swift; sourceTree = "<group>"; };
		5630D9F429D628CF00A41071 /* ko */ = {isa = PBXFileReference; lastKnownFileType = text.plist.strings; name = ko; path = ko.lproj/LaunchScreen.strings; sourceTree = "<group>"; };
		5630D9F629D628F500A41071 /* en */ = {isa = PBXFileReference; lastKnownFileType = text.plist.strings; name = en; path = en.lproj/Localizable.strings; sourceTree = "<group>"; };
		5630D9F829D6291900A41071 /* ko */ = {isa = PBXFileReference; lastKnownFileType = text.plist.strings; name = ko; path = ko.lproj/Localizable.strings; sourceTree = "<group>"; };
/* End PBXFileReference section */

/* Begin PBXFrameworksBuildPhase section */
		5630D9B629D4296800A41071 /* Frameworks */ = {
			isa = PBXFrameworksBuildPhase;
			buildActionMask = 2147483647;
			files = (
				5630D9D229D4298400A41071 /* Alamofire in Frameworks */,
				5630D9D529D4299400A41071 /* SnapKit in Frameworks */,
			);
			runOnlyForDeploymentPostprocessing = 0;
		};
/* End PBXFrameworksBuildPhase section */

/* Begin PBXGroup section */
		5630D9B029D4296800A41071 = {
			isa = PBXGroup;
			children = (
				5630D9BB29D4296800A41071 /* Translate */,
				5630D9BA29D4296800A41071 /* Products */,
			);
			sourceTree = "<group>";
		};
		5630D9BA29D4296800A41071 /* Products */ = {
			isa = PBXGroup;
			children = (
				5630D9B929D4296800A41071 /* Translate.app */,
			);
			name = Products;
			sourceTree = "<group>";
		};
		5630D9BB29D4296800A41071 /* Translate */ = {
			isa = PBXGroup;
			children = (
				5630D9BC29D4296800A41071 /* AppDelegate.swift */,
				5630D9BE29D4296800A41071 /* SceneDelegate.swift */,
				5630D9D629D42CDD00A41071 /* UI */,
				5630D9C529D4296900A41071 /* Assets.xcassets */,
				5630D9C729D4296900A41071 /* LaunchScreen.storyboard */,
				5630D9CA29D4296900A41071 /* Info.plist */,
				5630D9EF29D622EE00A41071 /* Model */,
				5630D9F029D622FE00A41071 /* Extension */,
				5630D9F129D6230600A41071 /* Manager */,
				5630D9F729D628F500A41071 /* Localizable.strings */,
			);
			path = Translate;
			sourceTree = "<group>";
		};
		5630D9D629D42CDD00A41071 /* UI */ = {
			isa = PBXGroup;
			children = (
				5630D9C029D4296800A41071 /* TabBarController.swift */,
				5630D9D729D42CF600A41071 /* TranlateViewController.swift */,
				5630D9D929D5896100A41071 /* SourceTextViewController.swift */,
				5630D9E129D60FE700A41071 /* BookmarkListViewController.swift */,
				5630D9E329D6131900A41071 /* BookMarkCollectionVIewCell.swift */,
				5630D9E529D615D900A41071 /* BookMarkTextStack.swift */,
			);
			path = UI;
			sourceTree = "<group>";
		};
		5630D9EF29D622EE00A41071 /* Model */ = {
			isa = PBXGroup;
			children = (
				5630D9E729D6179000A41071 /* Type.swift */,
				5630D9DB29D5BC5D00A41071 /* Language.swift */,
				5630D9DD29D60B5A00A41071 /* BookMark.swift */,
				5630D9E929D621A200A41071 /* Request.swift */,
				5630D9EB29D621EE00A41071 /* Response.swift */,
			);
			path = Model;
			sourceTree = "<group>";
		};
		5630D9F029D622FE00A41071 /* Extension */ = {
			isa = PBXGroup;
			children = (
				5630D9DF29D60D3600A41071 /* UserDefaults.swift */,
			);
			path = Extension;
			sourceTree = "<group>";
		};
		5630D9F129D6230600A41071 /* Manager */ = {
			isa = PBXGroup;
			children = (
				5630D9ED29D622C800A41071 /* TranslatorManager.swift */,
			);
			path = Manager;
			sourceTree = "<group>";
		};
/* End PBXGroup section */

/* Begin PBXNativeTarget section */
		5630D9B829D4296800A41071 /* Translate */ = {
			isa = PBXNativeTarget;
			buildConfigurationList = 5630D9CD29D4296900A41071 /* Build configuration list for PBXNativeTarget "Translate" */;
			buildPhases = (
				5630D9B529D4296800A41071 /* Sources */,
				5630D9B629D4296800A41071 /* Frameworks */,
				5630D9B729D4296800A41071 /* Resources */,
			);
			buildRules = (
			);
			dependencies = (
			);
			name = Translate;
			packageProductDependencies = (
				5630D9D129D4298400A41071 /* Alamofire */,
				5630D9D429D4299400A41071 /* SnapKit */,
			);
			productName = Translate;
			productReference = 5630D9B929D4296800A41071 /* Translate.app */;
			productType = "com.apple.product-type.application";
		};
/* End PBXNativeTarget section */

/* Begin PBXProject section */
		5630D9B129D4296800A41071 /* Project object */ = {
			isa = PBXProject;
			attributes = {
				BuildIndependentTargetsInParallel = 1;
				LastSwiftUpdateCheck = 1420;
				LastUpgradeCheck = 1420;
				TargetAttributes = {
					5630D9B829D4296800A41071 = {
						CreatedOnToolsVersion = 14.2;
					};
				};
			};
			buildConfigurationList = 5630D9B429D4296800A41071 /* Build configuration list for PBXProject "Translate" */;
			compatibilityVersion = "Xcode 14.0";
			developmentRegion = en;
			hasScannedForEncodings = 0;
			knownRegions = (
				en,
				Base,
				ko,
			);
			mainGroup = 5630D9B029D4296800A41071;
			packageReferences = (
				5630D9D029D4298400A41071 /* XCRemoteSwiftPackageReference "Alamofire" */,
				5630D9D329D4299400A41071 /* XCRemoteSwiftPackageReference "SnapKit" */,
			);
			productRefGroup = 5630D9BA29D4296800A41071 /* Products */;
			projectDirPath = "";
			projectRoot = "";
			targets = (
				5630D9B829D4296800A41071 /* Translate */,
			);
		};
/* End PBXProject section */

/* Begin PBXResourcesBuildPhase section */
		5630D9B729D4296800A41071 /* Resources */ = {
			isa = PBXResourcesBuildPhase;
			buildActionMask = 2147483647;
			files = (
				5630D9C929D4296900A41071 /* LaunchScreen.storyboard in Resources */,
				5630D9F529D628F500A41071 /* Localizable.strings in Resources */,
				5630D9C629D4296900A41071 /* Assets.xcassets in Resources */,
			);
			runOnlyForDeploymentPostprocessing = 0;
		};
/* End PBXResourcesBuildPhase section */

/* Begin PBXSourcesBuildPhase section */
		5630D9B529D4296800A41071 /* Sources */ = {
			isa = PBXSourcesBuildPhase;
			buildActionMask = 2147483647;
			files = (
				5630D9DA29D5896100A41071 /* SourceTextViewController.swift in Sources */,
				5630D9EA29D621A200A41071 /* Request.swift in Sources */,
				5630D9C129D4296800A41071 /* TabBarController.swift in Sources */,
				5630D9E629D615D900A41071 /* BookMarkTextStack.swift in Sources */,
				5630D9D829D42CF600A41071 /* TranlateViewController.swift in Sources */,
				5630D9EE29D622C800A41071 /* TranslatorManager.swift in Sources */,
				5630D9E229D60FE700A41071 /* BookmarkListViewController.swift in Sources */,
				5630D9EC29D621EE00A41071 /* Response.swift in Sources */,
				5630D9E429D6131900A41071 /* BookMarkCollectionVIewCell.swift in Sources */,
				5630D9DC29D5BC5D00A41071 /* Language.swift in Sources */,
				5630D9E029D60D3600A41071 /* UserDefaults.swift in Sources */,
				5630D9DE29D60B5A00A41071 /* BookMark.swift in Sources */,
				5630D9BD29D4296800A41071 /* AppDelegate.swift in Sources */,
				5630D9BF29D4296800A41071 /* SceneDelegate.swift in Sources */,
				5630D9E829D6179000A41071 /* Type.swift in Sources */,
			);
			runOnlyForDeploymentPostprocessing = 0;
		};
/* End PBXSourcesBuildPhase section */

/* Begin PBXVariantGroup section */
		5630D9C729D4296900A41071 /* LaunchScreen.storyboard */ = {
			isa = PBXVariantGroup;
			children = (
				5630D9C829D4296900A41071 /* Base */,
				5630D9F429D628CF00A41071 /* ko */,
			);
			name = LaunchScreen.storyboard;
			sourceTree = "<group>";
		};
		5630D9F729D628F500A41071 /* Localizable.strings */ = {
			isa = PBXVariantGroup;
			children = (
				5630D9F629D628F500A41071 /* en */,
				5630D9F829D6291900A41071 /* ko */,
			);
			name = Localizable.strings;
			sourceTree = "<group>";
		};
/* End PBXVariantGroup section */

/* Begin XCBuildConfiguration section */
		5630D9CB29D4296900A41071 /* Debug */ = {
			isa = XCBuildConfiguration;
			buildSettings = {
				ALWAYS_SEARCH_USER_PATHS = NO;
				CLANG_ANALYZER_LOCALIZABILITY_NONLOCALIZED = YES;
				CLANG_ANALYZER_NONNULL = YES;
				CLANG_ANALYZER_NUMBER_OBJECT_CONVERSION = YES_AGGRESSIVE;
				CLANG_CXX_LANGUAGE_STANDARD = "gnu++20";
				CLANG_ENABLE_MODULES = YES;
				CLANG_ENABLE_OBJC_ARC = YES;
				CLANG_ENABLE_OBJC_WEAK = YES;
				CLANG_WARN_BLOCK_CAPTURE_AUTORELEASING = YES;
				CLANG_WARN_BOOL_CONVERSION = YES;
				CLANG_WARN_COMMA = YES;
				CLANG_WARN_CONSTANT_CONVERSION = YES;
				CLANG_WARN_DEPRECATED_OBJC_IMPLEMENTATIONS = YES;
				CLANG_WARN_DIRECT_OBJC_ISA_USAGE = YES_ERROR;
				CLANG_WARN_DOCUMENTATION_COMMENTS = YES;
				CLANG_WARN_EMPTY_BODY = YES;
				CLANG_WARN_ENUM_CONVERSION = YES;
				CLANG_WARN_INFINITE_RECURSION = YES;
				CLANG_WARN_INT_CONVERSION = YES;
				CLANG_WARN_NON_LITERAL_NULL_CONVERSION = YES;
				CLANG_WARN_OBJC_IMPLICIT_RETAIN_SELF = YES;
				CLANG_WARN_OBJC_LITERAL_CONVERSION = YES;
				CLANG_WARN_OBJC_ROOT_CLASS = YES_ERROR;
				CLANG_WARN_QUOTED_INCLUDE_IN_FRAMEWORK_HEADER = YES;
				CLANG_WARN_RANGE_LOOP_ANALYSIS = YES;
				CLANG_WARN_STRICT_PROTOTYPES = YES;
				CLANG_WARN_SUSPICIOUS_MOVE = YES;
				CLANG_WARN_UNGUARDED_AVAILABILITY = YES_AGGRESSIVE;
				CLANG_WARN_UNREACHABLE_CODE = YES;
				CLANG_WARN__DUPLICATE_METHOD_MATCH = YES;
				COPY_PHASE_STRIP = NO;
				DEBUG_INFORMATION_FORMAT = dwarf;
				ENABLE_STRICT_OBJC_MSGSEND = YES;
				ENABLE_TESTABILITY = YES;
				GCC_C_LANGUAGE_STANDARD = gnu11;
				GCC_DYNAMIC_NO_PIC = NO;
				GCC_NO_COMMON_BLOCKS = YES;
				GCC_OPTIMIZATION_LEVEL = 0;
				GCC_PREPROCESSOR_DEFINITIONS = (
					"DEBUG=1",
					"$(inherited)",
				);
				GCC_WARN_64_TO_32_BIT_CONVERSION = YES;
				GCC_WARN_ABOUT_RETURN_TYPE = YES_ERROR;
				GCC_WARN_UNDECLARED_SELECTOR = YES;
				GCC_WARN_UNINITIALIZED_AUTOS = YES_AGGRESSIVE;
				GCC_WARN_UNUSED_FUNCTION = YES;
				GCC_WARN_UNUSED_VARIABLE = YES;
				IPHONEOS_DEPLOYMENT_TARGET = 16.2;
				MTL_ENABLE_DEBUG_INFO = INCLUDE_SOURCE;
				MTL_FAST_MATH = YES;
				ONLY_ACTIVE_ARCH = YES;
				SDKROOT = iphoneos;
				SWIFT_ACTIVE_COMPILATION_CONDITIONS = DEBUG;
				SWIFT_OPTIMIZATION_LEVEL = "-Onone";
			};
			name = Debug;
		};
		5630D9CC29D4296900A41071 /* Release */ = {
			isa = XCBuildConfiguration;
			buildSettings = {
				ALWAYS_SEARCH_USER_PATHS = NO;
				CLANG_ANALYZER_LOCALIZABILITY_NONLOCALIZED = YES;
				CLANG_ANALYZER_NONNULL = YES;
				CLANG_ANALYZER_NUMBER_OBJECT_CONVERSION = YES_AGGRESSIVE;
				CLANG_CXX_LANGUAGE_STANDARD = "gnu++20";
				CLANG_ENABLE_MODULES = YES;
				CLANG_ENABLE_OBJC_ARC = YES;
				CLANG_ENABLE_OBJC_WEAK = YES;
				CLANG_WARN_BLOCK_CAPTURE_AUTORELEASING = YES;
				CLANG_WARN_BOOL_CONVERSION = YES;
				CLANG_WARN_COMMA = YES;
				CLANG_WARN_CONSTANT_CONVERSION = YES;
				CLANG_WARN_DEPRECATED_OBJC_IMPLEMENTATIONS = YES;
				CLANG_WARN_DIRECT_OBJC_ISA_USAGE = YES_ERROR;
				CLANG_WARN_DOCUMENTATION_COMMENTS = YES;
				CLANG_WARN_EMPTY_BODY = YES;
				CLANG_WARN_ENUM_CONVERSION = YES;
				CLANG_WARN_INFINITE_RECURSION = YES;
				CLANG_WARN_INT_CONVERSION = YES;
				CLANG_WARN_NON_LITERAL_NULL_CONVERSION = YES;
				CLANG_WARN_OBJC_IMPLICIT_RETAIN_SELF = YES;
				CLANG_WARN_OBJC_LITERAL_CONVERSION = YES;
				CLANG_WARN_OBJC_ROOT_CLASS = YES_ERROR;
				CLANG_WARN_QUOTED_INCLUDE_IN_FRAMEWORK_HEADER = YES;
				CLANG_WARN_RANGE_LOOP_ANALYSIS = YES;
				CLANG_WARN_STRICT_PROTOTYPES = YES;
				CLANG_WARN_SUSPICIOUS_MOVE = YES;
				CLANG_WARN_UNGUARDED_AVAILABILITY = YES_AGGRESSIVE;
				CLANG_WARN_UNREACHABLE_CODE = YES;
				CLANG_WARN__DUPLICATE_METHOD_MATCH = YES;
				COPY_PHASE_STRIP = NO;
				DEBUG_INFORMATION_FORMAT = "dwarf-with-dsym";
				ENABLE_NS_ASSERTIONS = NO;
				ENABLE_STRICT_OBJC_MSGSEND = YES;
				GCC_C_LANGUAGE_STANDARD = gnu11;
				GCC_NO_COMMON_BLOCKS = YES;
				GCC_WARN_64_TO_32_BIT_CONVERSION = YES;
				GCC_WARN_ABOUT_RETURN_TYPE = YES_ERROR;
				GCC_WARN_UNDECLARED_SELECTOR = YES;
				GCC_WARN_UNINITIALIZED_AUTOS = YES_AGGRESSIVE;
				GCC_WARN_UNUSED_FUNCTION = YES;
				GCC_WARN_UNUSED_VARIABLE = YES;
				IPHONEOS_DEPLOYMENT_TARGET = 16.2;
				MTL_ENABLE_DEBUG_INFO = NO;
				MTL_FAST_MATH = YES;
				SDKROOT = iphoneos;
				SWIFT_COMPILATION_MODE = wholemodule;
				SWIFT_OPTIMIZATION_LEVEL = "-O";
				VALIDATE_PRODUCT = YES;
			};
			name = Release;
		};
		5630D9CE29D4296900A41071 /* Debug */ = {
			isa = XCBuildConfiguration;
			buildSettings = {
				ASSETCATALOG_COMPILER_APPICON_NAME = AppIcon;
				ASSETCATALOG_COMPILER_GLOBAL_ACCENT_COLOR_NAME = AccentColor;
				CODE_SIGN_STYLE = Automatic;
				CURRENT_PROJECT_VERSION = 1;
				DEVELOPMENT_TEAM = K6S94WMQ9X;
				GENERATE_INFOPLIST_FILE = YES;
				INFOPLIST_FILE = Translate/Info.plist;
				INFOPLIST_KEY_UIApplicationSupportsIndirectInputEvents = YES;
				INFOPLIST_KEY_UILaunchStoryboardName = LaunchScreen;
				INFOPLIST_KEY_UISupportedInterfaceOrientations_iPad = "UIInterfaceOrientationPortrait UIInterfaceOrientationPortraitUpsideDown UIInterfaceOrientationLandscapeLeft UIInterfaceOrientationLandscapeRight";
				INFOPLIST_KEY_UISupportedInterfaceOrientations_iPhone = "UIInterfaceOrientationPortrait UIInterfaceOrientationLandscapeLeft UIInterfaceOrientationLandscapeRight";
				LD_RUNPATH_SEARCH_PATHS = (
					"$(inherited)",
					"@executable_path/Frameworks",
				);
				MARKETING_VERSION = 1.0;
				PRODUCT_BUNDLE_IDENTIFIER = net.park.Translate;
				PRODUCT_NAME = "$(TARGET_NAME)";
				SWIFT_EMIT_LOC_STRINGS = YES;
				SWIFT_VERSION = 5.0;
				TARGETED_DEVICE_FAMILY = "1,2";
			};
			name = Debug;
		};
		5630D9CF29D4296900A41071 /* Release */ = {
			isa = XCBuildConfiguration;
			buildSettings = {
				ASSETCATALOG_COMPILER_APPICON_NAME = AppIcon;
				ASSETCATALOG_COMPILER_GLOBAL_ACCENT_COLOR_NAME = AccentColor;
				CODE_SIGN_STYLE = Automatic;
				CURRENT_PROJECT_VERSION = 1;
				DEVELOPMENT_TEAM = K6S94WMQ9X;
				GENERATE_INFOPLIST_FILE = YES;
				INFOPLIST_FILE = Translate/Info.plist;
				INFOPLIST_KEY_UIApplicationSupportsIndirectInputEvents = YES;
				INFOPLIST_KEY_UILaunchStoryboardName = LaunchScreen;
				INFOPLIST_KEY_UISupportedInterfaceOrientations_iPad = "UIInterfaceOrientationPortrait UIInterfaceOrientationPortraitUpsideDown UIInterfaceOrientationLandscapeLeft UIInterfaceOrientationLandscapeRight";
				INFOPLIST_KEY_UISupportedInterfaceOrientations_iPhone = "UIInterfaceOrientationPortrait UIInterfaceOrientationLandscapeLeft UIInterfaceOrientationLandscapeRight";
				LD_RUNPATH_SEARCH_PATHS = (
					"$(inherited)",
					"@executable_path/Frameworks",
				);
				MARKETING_VERSION = 1.0;
				PRODUCT_BUNDLE_IDENTIFIER = net.park.Translate;
				PRODUCT_NAME = "$(TARGET_NAME)";
				SWIFT_EMIT_LOC_STRINGS = YES;
				SWIFT_VERSION = 5.0;
				TARGETED_DEVICE_FAMILY = "1,2";
			};
			name = Release;
		};
/* End XCBuildConfiguration section */

/* Begin XCConfigurationList section */
		5630D9B429D4296800A41071 /* Build configuration list for PBXProject "Translate" */ = {
			isa = XCConfigurationList;
			buildConfigurations = (
				5630D9CB29D4296900A41071 /* Debug */,
				5630D9CC29D4296900A41071 /* Release */,
			);
			defaultConfigurationIsVisible = 0;
			defaultConfigurationName = Release;
		};
		5630D9CD29D4296900A41071 /* Build configuration list for PBXNativeTarget "Translate" */ = {
			isa = XCConfigurationList;
			buildConfigurations = (
				5630D9CE29D4296900A41071 /* Debug */,
				5630D9CF29D4296900A41071 /* Release */,
			);
			defaultConfigurationIsVisible = 0;
			defaultConfigurationName = Release;
		};
/* End XCConfigurationList section */

/* Begin XCRemoteSwiftPackageReference section */
		5630D9D029D4298400A41071 /* XCRemoteSwiftPackageReference "Alamofire" */ = {
			isa = XCRemoteSwiftPackageReference;
			repositoryURL = "https://github.com/Alamofire/Alamofire.git";
			requirement = {
				kind = upToNextMajorVersion;
				minimumVersion = 5.0.0;
			};
		};
		5630D9D329D4299400A41071 /* XCRemoteSwiftPackageReference "SnapKit" */ = {
			isa = XCRemoteSwiftPackageReference;
			repositoryURL = "https://github.com/SnapKit/SnapKit";
			requirement = {
				kind = upToNextMajorVersion;
				minimumVersion = 5.0.0;
			};
		};
/* End XCRemoteSwiftPackageReference section */

/* Begin XCSwiftPackageProductDependency section */
		5630D9D129D4298400A41071 /* Alamofire */ = {
			isa = XCSwiftPackageProductDependency;
			package = 5630D9D029D4298400A41071 /* XCRemoteSwiftPackageReference "Alamofire" */;
			productName = Alamofire;
		};
		5630D9D429D4299400A41071 /* SnapKit */ = {
			isa = XCSwiftPackageProductDependency;
			package = 5630D9D329D4299400A41071 /* XCRemoteSwiftPackageReference "SnapKit" */;
			productName = SnapKit;
		};
/* End XCSwiftPackageProductDependency section */
	};
	rootObject = 5630D9B129D4296800A41071 /* Project object */;
}
